
Microsoft Visual Studio Solution File, Format Version 12.00
# Visual Studio Version 17
VisualStudioVersion = 17.3.32901.215
MinimumVisualStudioVersion = 10.0.40219.1
Project("{FAE04EC0-301F-11D3-BF4B-00C04F79EFBC}") = "CodigoFresco", "CodigoFresco.csproj", "{41C780BB-86E0-4475-800C-7016C7EE45E2}"
EndProject
Global
	GlobalSection(SolutionConfigurationPlatforms) = preSolution
		Debug|Any CPU = Debug|Any CPU
		Release|Any CPU = Release|Any CPU
	EndGlobalSection
	GlobalSection(ProjectConfigurationPlatforms) = postSolution
		{41C780BB-86E0-4475-800C-7016C7EE45E2}.Debug|Any CPU.ActiveCfg = Debug|Any CPU
		{41C780BB-86E0-4475-800C-7016C7EE45E2}.Debug|Any CPU.Build.0 = Debug|Any CPU
		{41C780BB-86E0-4475-800C-7016C7EE45E2}.Release|Any CPU.ActiveCfg = Release|Any CPU
		{41C780BB-86E0-4475-800C-7016C7EE45E2}.Release|Any CPU.Build.0 = Release|Any CPU
	EndGlobalSection
	GlobalSection(SolutionProperties) = preSolution
		HideSolutionNode = FALSE
	EndGlobalSection
	GlobalSection(ExtensibilityGlobals) = postSolution
		SolutionGuid = {64308320-138C-4261-90C7-C3237DDA1D90}
	EndGlobalSection
EndGlobal
